
Microsoft Visual Studio Solution File, Format Version 12.00
# Visual Studio 14
VisualStudioVersion = 14.0.25420.1
MinimumVisualStudioVersion = 10.0.40219.1
Project("{FAE04EC0-301F-11D3-BF4B-00C04F79EFBC}") = "Exf.InvAppr.Data", "Exf.InvAppr.Data\Exf.InvAppr.Data.csproj", "{4C639DDD-F329-41B3-B983-F981A4E4C10E}"
EndProject
Project("{FAE04EC0-301F-11D3-BF4B-00C04F79EFBC}") = "Exf.InvAppr.Service.API", "Exf.InvAppr.Service.API\Exf.InvAppr.Service.API.csproj", "{B08246FF-5F76-40DF-8EC9-33B58770D909}"
EndProject
Project("{FAE04EC0-301F-11D3-BF4B-00C04F79EFBC}") = "Exf.InvAppr.Service.API.Test", "Exf.InvAppr.Service.API.Test\Exf.InvAppr.Service.API.Test.csproj", "{7B49B2FD-9BD0-44AF-8FDE-A02045439118}"
EndProject
Project("{FAE04EC0-301F-11D3-BF4B-00C04F79EFBC}") = "Exf.InvAppr.Common", "Exf.InvAppr.Common\Exf.InvAppr.Common.csproj", "{222AB802-AAA3-455E-AF33-64F958F95868}"
EndProject
Project("{FAE04EC0-301F-11D3-BF4B-00C04F79EFBC}") = "Exf.InvAppr.Web", "Exf.InvAppr.Web\Exf.InvAppr.Web.csproj", "{77B370CE-3F44-468F-A88E-0D2326AB2073}"
EndProject
Project("{FAE04EC0-301F-11D3-BF4B-00C04F79EFBC}") = "Exf.InvAppr.Service.Visma", "Exf.InvAppr.Service.Visma\Exf.InvAppr.Service.Visma.csproj", "{62625E43-AF58-45B1-80D8-F30916F4471F}"
EndProject
Project("{FAE04EC0-301F-11D3-BF4B-00C04F79EFBC}") = "Exf.InvAppr.Sync.Visma", "Exf.InvAppr.Sync.Visma\Exf.InvAppr.Sync.Visma.csproj", "{550B42A3-0EED-4549-9886-EC19B448851C}"
EndProject
Project("{FAE04EC0-301F-11D3-BF4B-00C04F79EFBC}") = "Exf.InvAppr.EmailSaverService", "..\Exf.InvAppr.EmailSaverService\Exf.InvAppr.EmailSaverService\Exf.InvAppr.EmailSaverService.csproj", "{8B8E5A11-5E4C-4B88-B250-6624A7FB3C76}"
EndProject
Project("{33AD0EE8-D99B-4E14-8CD9-3F56ABEF97A2}") = "Exf.InvAppr.EmailScanner.Azure", "Exf.InvAppr.EmailScanner.Azure\Exf.InvAppr.EmailScanner.Azure.funproj", "{5F70864E-DD6E-406D-9E53-253CD26F19EE}"
EndProject
Project("{FAE04EC0-301F-11D3-BF4B-00C04F79EFBC}") = "Exf.InvAppr.EmailScanner", "Exf.InvAppr.EmailScanner\Exf.InvAppr.EmailScanner.csproj", "{40A5E64E-C2EE-4DAA-88C7-EA2DC753B92B}"
EndProject
Project("{FAE04EC0-301F-11D3-BF4B-00C04F79EFBC}") = "Exf.InvAppr.Tests", "Exf.InvAppr.Tests\Exf.InvAppr.Tests.csproj", "{35724CC0-B5F4-4090-8BCB-C6E7446F63A3}"
EndProject
Global
	GlobalSection(SolutionConfigurationPlatforms) = preSolution
		Debug|Any CPU = Debug|Any CPU
		Debug|x86 = Debug|x86
		Release|Any CPU = Release|Any CPU
		Release|x86 = Release|x86
	EndGlobalSection
	GlobalSection(ProjectConfigurationPlatforms) = postSolution
		{4C639DDD-F329-41B3-B983-F981A4E4C10E}.Debug|Any CPU.ActiveCfg = Debug|Any CPU
		{4C639DDD-F329-41B3-B983-F981A4E4C10E}.Debug|Any CPU.Build.0 = Debug|Any CPU
		{4C639DDD-F329-41B3-B983-F981A4E4C10E}.Debug|x86.ActiveCfg = Debug|Any CPU
		{4C639DDD-F329-41B3-B983-F981A4E4C10E}.Debug|x86.Build.0 = Debug|Any CPU
		{4C639DDD-F329-41B3-B983-F981A4E4C10E}.Release|Any CPU.ActiveCfg = Release|Any CPU
		{4C639DDD-F329-41B3-B983-F981A4E4C10E}.Release|Any CPU.Build.0 = Release|Any CPU
		{4C639DDD-F329-41B3-B983-F981A4E4C10E}.Release|x86.ActiveCfg = Release|Any CPU
		{4C639DDD-F329-41B3-B983-F981A4E4C10E}.Release|x86.Build.0 = Release|Any CPU
		{B08246FF-5F76-40DF-8EC9-33B58770D909}.Debug|Any CPU.ActiveCfg = Debug|Any CPU
		{B08246FF-5F76-40DF-8EC9-33B58770D909}.Debug|Any CPU.Build.0 = Debug|Any CPU
		{B08246FF-5F76-40DF-8EC9-33B58770D909}.Debug|x86.ActiveCfg = Debug|Any CPU
		{B08246FF-5F76-40DF-8EC9-33B58770D909}.Debug|x86.Build.0 = Debug|Any CPU
		{B08246FF-5F76-40DF-8EC9-33B58770D909}.Release|Any CPU.ActiveCfg = Release|Any CPU
		{B08246FF-5F76-40DF-8EC9-33B58770D909}.Release|Any CPU.Build.0 = Release|Any CPU
		{B08246FF-5F76-40DF-8EC9-33B58770D909}.Release|x86.ActiveCfg = Release|Any CPU
		{B08246FF-5F76-40DF-8EC9-33B58770D909}.Release|x86.Build.0 = Release|Any CPU
		{7B49B2FD-9BD0-44AF-8FDE-A02045439118}.Debug|Any CPU.ActiveCfg = Debug|Any CPU
		{7B49B2FD-9BD0-44AF-8FDE-A02045439118}.Debug|Any CPU.Build.0 = Debug|Any CPU
		{7B49B2FD-9BD0-44AF-8FDE-A02045439118}.Debug|x86.ActiveCfg = Debug|Any CPU
		{7B49B2FD-9BD0-44AF-8FDE-A02045439118}.Debug|x86.Build.0 = Debug|Any CPU
		{7B49B2FD-9BD0-44AF-8FDE-A02045439118}.Release|Any CPU.ActiveCfg = Release|Any CPU
		{7B49B2FD-9BD0-44AF-8FDE-A02045439118}.Release|Any CPU.Build.0 = Release|Any CPU
		{7B49B2FD-9BD0-44AF-8FDE-A02045439118}.Release|x86.ActiveCfg = Release|Any CPU
		{7B49B2FD-9BD0-44AF-8FDE-A02045439118}.Release|x86.Build.0 = Release|Any CPU
		{222AB802-AAA3-455E-AF33-64F958F95868}.Debug|Any CPU.ActiveCfg = Debug|Any CPU
		{222AB802-AAA3-455E-AF33-64F958F95868}.Debug|Any CPU.Build.0 = Debug|Any CPU
		{222AB802-AAA3-455E-AF33-64F958F95868}.Debug|x86.ActiveCfg = Debug|Any CPU
		{222AB802-AAA3-455E-AF33-64F958F95868}.Debug|x86.Build.0 = Debug|Any CPU
		{222AB802-AAA3-455E-AF33-64F958F95868}.Release|Any CPU.ActiveCfg = Release|Any CPU
		{222AB802-AAA3-455E-AF33-64F958F95868}.Release|Any CPU.Build.0 = Release|Any CPU
		{222AB802-AAA3-455E-AF33-64F958F95868}.Release|x86.ActiveCfg = Release|Any CPU
		{222AB802-AAA3-455E-AF33-64F958F95868}.Release|x86.Build.0 = Release|Any CPU
		{77B370CE-3F44-468F-A88E-0D2326AB2073}.Debug|Any CPU.ActiveCfg = Debug|Any CPU
		{77B370CE-3F44-468F-A88E-0D2326AB2073}.Debug|Any CPU.Build.0 = Debug|Any CPU
		{77B370CE-3F44-468F-A88E-0D2326AB2073}.Debug|x86.ActiveCfg = Debug|Any CPU
		{77B370CE-3F44-468F-A88E-0D2326AB2073}.Debug|x86.Build.0 = Debug|Any CPU
		{77B370CE-3F44-468F-A88E-0D2326AB2073}.Release|Any CPU.ActiveCfg = Release|Any CPU
		{77B370CE-3F44-468F-A88E-0D2326AB2073}.Release|Any CPU.Build.0 = Release|Any CPU
		{77B370CE-3F44-468F-A88E-0D2326AB2073}.Release|x86.ActiveCfg = Release|Any CPU
		{77B370CE-3F44-468F-A88E-0D2326AB2073}.Release|x86.Build.0 = Release|Any CPU
		{62625E43-AF58-45B1-80D8-F30916F4471F}.Debug|Any CPU.ActiveCfg = Debug|Any CPU
		{62625E43-AF58-45B1-80D8-F30916F4471F}.Debug|Any CPU.Build.0 = Debug|Any CPU
		{62625E43-AF58-45B1-80D8-F30916F4471F}.Debug|x86.ActiveCfg = Debug|Any CPU
		{62625E43-AF58-45B1-80D8-F30916F4471F}.Debug|x86.Build.0 = Debug|Any CPU
		{62625E43-AF58-45B1-80D8-F30916F4471F}.Release|Any CPU.ActiveCfg = Release|Any CPU
		{62625E43-AF58-45B1-80D8-F30916F4471F}.Release|Any CPU.Build.0 = Release|Any CPU
		{62625E43-AF58-45B1-80D8-F30916F4471F}.Release|x86.ActiveCfg = Release|Any CPU
		{62625E43-AF58-45B1-80D8-F30916F4471F}.Release|x86.Build.0 = Release|Any CPU
		{550B42A3-0EED-4549-9886-EC19B448851C}.Debug|Any CPU.ActiveCfg = Debug|Any CPU
		{550B42A3-0EED-4549-9886-EC19B448851C}.Debug|Any CPU.Build.0 = Debug|Any CPU
		{550B42A3-0EED-4549-9886-EC19B448851C}.Debug|x86.ActiveCfg = Debug|Any CPU
		{550B42A3-0EED-4549-9886-EC19B448851C}.Debug|x86.Build.0 = Debug|Any CPU
		{550B42A3-0EED-4549-9886-EC19B448851C}.Release|Any CPU.ActiveCfg = Release|Any CPU
		{550B42A3-0EED-4549-9886-EC19B448851C}.Release|Any CPU.Build.0 = Release|Any CPU
		{550B42A3-0EED-4549-9886-EC19B448851C}.Release|x86.ActiveCfg = Release|Any CPU
		{550B42A3-0EED-4549-9886-EC19B448851C}.Release|x86.Build.0 = Release|Any CPU
		{8B8E5A11-5E4C-4B88-B250-6624A7FB3C76}.Debug|Any CPU.ActiveCfg = Debug|Any CPU
		{8B8E5A11-5E4C-4B88-B250-6624A7FB3C76}.Debug|Any CPU.Build.0 = Debug|Any CPU
		{8B8E5A11-5E4C-4B88-B250-6624A7FB3C76}.Debug|x86.ActiveCfg = Debug|Any CPU
		{8B8E5A11-5E4C-4B88-B250-6624A7FB3C76}.Debug|x86.Build.0 = Debug|Any CPU
		{8B8E5A11-5E4C-4B88-B250-6624A7FB3C76}.Release|Any CPU.ActiveCfg = Release|Any CPU
		{8B8E5A11-5E4C-4B88-B250-6624A7FB3C76}.Release|Any CPU.Build.0 = Release|Any CPU
		{8B8E5A11-5E4C-4B88-B250-6624A7FB3C76}.Release|x86.ActiveCfg = Release|Any CPU
		{8B8E5A11-5E4C-4B88-B250-6624A7FB3C76}.Release|x86.Build.0 = Release|Any CPU
		{5F70864E-DD6E-406D-9E53-253CD26F19EE}.Debug|Any CPU.ActiveCfg = Debug|Any CPU
		{5F70864E-DD6E-406D-9E53-253CD26F19EE}.Debug|Any CPU.Build.0 = Debug|Any CPU
		{5F70864E-DD6E-406D-9E53-253CD26F19EE}.Debug|x86.ActiveCfg = Debug|Any CPU
		{5F70864E-DD6E-406D-9E53-253CD26F19EE}.Debug|x86.Build.0 = Debug|Any CPU
		{5F70864E-DD6E-406D-9E53-253CD26F19EE}.Release|Any CPU.ActiveCfg = Release|Any CPU
		{5F70864E-DD6E-406D-9E53-253CD26F19EE}.Release|Any CPU.Build.0 = Release|Any CPU
		{5F70864E-DD6E-406D-9E53-253CD26F19EE}.Release|x86.ActiveCfg = Release|Any CPU
		{5F70864E-DD6E-406D-9E53-253CD26F19EE}.Release|x86.Build.0 = Release|Any CPU
		{40A5E64E-C2EE-4DAA-88C7-EA2DC753B92B}.Debug|Any CPU.ActiveCfg = Debug|Any CPU
		{40A5E64E-C2EE-4DAA-88C7-EA2DC753B92B}.Debug|Any CPU.Build.0 = Debug|Any CPU
		{40A5E64E-C2EE-4DAA-88C7-EA2DC753B92B}.Debug|x86.ActiveCfg = Debug|Any CPU
		{40A5E64E-C2EE-4DAA-88C7-EA2DC753B92B}.Debug|x86.Build.0 = Debug|Any CPU
		{40A5E64E-C2EE-4DAA-88C7-EA2DC753B92B}.Release|Any CPU.ActiveCfg = Release|Any CPU
		{40A5E64E-C2EE-4DAA-88C7-EA2DC753B92B}.Release|Any CPU.Build.0 = Release|Any CPU
		{40A5E64E-C2EE-4DAA-88C7-EA2DC753B92B}.Release|x86.ActiveCfg = Release|Any CPU
		{40A5E64E-C2EE-4DAA-88C7-EA2DC753B92B}.Release|x86.Build.0 = Release|Any CPU
		{35724CC0-B5F4-4090-8BCB-C6E7446F63A3}.Debug|Any CPU.ActiveCfg = Debug|Any CPU
		{35724CC0-B5F4-4090-8BCB-C6E7446F63A3}.Debug|Any CPU.Build.0 = Debug|Any CPU
		{35724CC0-B5F4-4090-8BCB-C6E7446F63A3}.Debug|x86.ActiveCfg = Debug|Any CPU
		{35724CC0-B5F4-4090-8BCB-C6E7446F63A3}.Debug|x86.Build.0 = Debug|Any CPU
		{35724CC0-B5F4-4090-8BCB-C6E7446F63A3}.Release|Any CPU.ActiveCfg = Release|Any CPU
		{35724CC0-B5F4-4090-8BCB-C6E7446F63A3}.Release|Any CPU.Build.0 = Release|Any CPU
		{35724CC0-B5F4-4090-8BCB-C6E7446F63A3}.Release|x86.ActiveCfg = Release|Any CPU
		{35724CC0-B5F4-4090-8BCB-C6E7446F63A3}.Release|x86.Build.0 = Release|Any CPU
	EndGlobalSection
	GlobalSection(SolutionProperties) = preSolution
		HideSolutionNode = FALSE
	EndGlobalSection
EndGlobal
